
Microsoft Visual Studio Solution File, Format Version 12.00
# Visual Studio Version 17
VisualStudioVersion = 17.4.33213.308
MinimumVisualStudioVersion = 10.0.40219.1
Project("{FAE04EC0-301F-11D3-BF4B-00C04F79EFBC}") = "ConsoleApp1", "ConsoleApp1.csproj", "{AAD5AA08-EAB1-477E-8381-FB51076A6A09}"
EndProject
Global
	GlobalSection(SolutionConfigurationPlatforms) = preSolution
		Debug|Any CPU = Debug|Any CPU
		Release|Any CPU = Release|Any CPU
	EndGlobalSection
	GlobalSection(ProjectConfigurationPlatforms) = postSolution
		{AAD5AA08-EAB1-477E-8381-FB51076A6A09}.Debug|Any CPU.ActiveCfg = Debug|Any CPU
		{AAD5AA08-EAB1-477E-8381-FB51076A6A09}.Debug|Any CPU.Build.0 = Debug|Any CPU
		{AAD5AA08-EAB1-477E-8381-FB51076A6A09}.Release|Any CPU.ActiveCfg = Release|Any CPU
		{AAD5AA08-EAB1-477E-8381-FB51076A6A09}.Release|Any CPU.Build.0 = Release|Any CPU
	EndGlobalSection
	GlobalSection(SolutionProperties) = preSolution
		HideSolutionNode = FALSE
	EndGlobalSection
	GlobalSection(ExtensibilityGlobals) = postSolution
		SolutionGuid = {F79AB666-095F-4410-965C-23ED2BA97431}
	EndGlobalSection
EndGlobal
